
Microsoft Visual Studio Solution File, Format Version 12.00
# Visual Studio Version 17
VisualStudioVersion = 17.5.002.0
MinimumVisualStudioVersion = 10.0.40219.1
Project("{9A19103F-16F7-4668-BE54-9A1E7A4F7556}") = "MYA-backend", "MYA-backend.csproj", "{02C5FEF9-65C5-4482-AA29-F5541D83DC27}"
EndProject
Global
	GlobalSection(SolutionConfigurationPlatforms) = preSolution
		Debug|Any CPU = Debug|Any CPU
		Release|Any CPU = Release|Any CPU
	EndGlobalSection
	GlobalSection(ProjectConfigurationPlatforms) = postSolution
		{02C5FEF9-65C5-4482-AA29-F5541D83DC27}.Debug|Any CPU.ActiveCfg = Debug|Any CPU
		{02C5FEF9-65C5-4482-AA29-F5541D83DC27}.Debug|Any CPU.Build.0 = Debug|Any CPU
		{02C5FEF9-65C5-4482-AA29-F5541D83DC27}.Release|Any CPU.ActiveCfg = Release|Any CPU
		{02C5FEF9-65C5-4482-AA29-F5541D83DC27}.Release|Any CPU.Build.0 = Release|Any CPU
	EndGlobalSection
	GlobalSection(SolutionProperties) = preSolution
		HideSolutionNode = FALSE
	EndGlobalSection
	GlobalSection(ExtensibilityGlobals) = postSolution
		SolutionGuid = {00F15565-8B45-4DEA-9D3A-6F1980AC2515}
	EndGlobalSection
EndGlobal
